
Microsoft Visual Studio Solution File, Format Version 12.00
# Visual Studio Version 17
VisualStudioVersion = 17.10.35122.118
MinimumVisualStudioVersion = 10.0.40219.1
Project("{FAE04EC0-301F-11D3-BF4B-00C04F79EFBC}") = "Mod02Act01", "Mod02Act01.csproj", "{F905866A-D72C-4D7C-80FE-EC1C18418EB0}"
EndProject
Global
	GlobalSection(SolutionConfigurationPlatforms) = preSolution
		Debug|Any CPU = Debug|Any CPU
		Release|Any CPU = Release|Any CPU
	EndGlobalSection
	GlobalSection(ProjectConfigurationPlatforms) = postSolution
		{F905866A-D72C-4D7C-80FE-EC1C18418EB0}.Debug|Any CPU.ActiveCfg = Debug|Any CPU
		{F905866A-D72C-4D7C-80FE-EC1C18418EB0}.Debug|Any CPU.Build.0 = Debug|Any CPU
		{F905866A-D72C-4D7C-80FE-EC1C18418EB0}.Debug|Any CPU.Deploy.0 = Debug|Any CPU
		{F905866A-D72C-4D7C-80FE-EC1C18418EB0}.Release|Any CPU.ActiveCfg = Release|Any CPU
		{F905866A-D72C-4D7C-80FE-EC1C18418EB0}.Release|Any CPU.Build.0 = Release|Any CPU
		{F905866A-D72C-4D7C-80FE-EC1C18418EB0}.Release|Any CPU.Deploy.0 = Release|Any CPU
	EndGlobalSection
	GlobalSection(SolutionProperties) = preSolution
		HideSolutionNode = FALSE
	EndGlobalSection
	GlobalSection(ExtensibilityGlobals) = postSolution
		SolutionGuid = {855BCBC9-8116-4747-A5B6-65B08E9E1891}
	EndGlobalSection
EndGlobal
